
Microsoft Visual Studio Solution File, Format Version 12.00
# Visual Studio 14
VisualStudioVersion = 14.0.25123.0
MinimumVisualStudioVersion = 10.0.40219.1
Project("{2150E333-8FDC-42A3-9474-1A3956D46DE8}") = "Test", "Test", "{BD8A2866-059D-4673-8C31-491F42FB268B}"
EndProject
Project("{FAE04EC0-301F-11D3-BF4B-00C04F79EFBC}") = "CheckCities", "Test\CheckCities\CheckCities.csproj", "{3918BFBA-7370-4E28-819F-9BD8F7AB97BA}"
EndProject
Project("{FAE04EC0-301F-11D3-BF4B-00C04F79EFBC}") = "CheckUpdateWeather", "Test\CheckUpdateWeather\CheckUpdateWeather.csproj", "{9C9CDAC3-D2B3-40B9-8E13-FC37EDD75372}"
EndProject
Project("{FAE04EC0-301F-11D3-BF4B-00C04F79EFBC}") = "DatabaseWorker", "DatabaseWorker\DatabaseWorker.csproj", "{3639B5A3-9918-4141-B19E-78E83E502B82}"
EndProject
Project("{FAE04EC0-301F-11D3-BF4B-00C04F79EFBC}") = "Database", "Database\Database.csproj", "{3BBD5F5D-0D72-4680-B6D1-CA969C6C4E5F}"
EndProject
Project("{FAE04EC0-301F-11D3-BF4B-00C04F79EFBC}") = "MessagesConveyor", "MessagesConveyor\MessagesConveyor.csproj", "{5662EB76-33FE-4090-9370-30F3FC5B2BF2}"
EndProject
Project("{FAE04EC0-301F-11D3-BF4B-00C04F79EFBC}") = "LocalhostWeatherBot", "Test\LocalhostWeatherBot\LocalhostWeatherBot.csproj", "{843A57B2-C1BD-4120-8DA0-156859AF925B}"
	ProjectSection(ProjectDependencies) = postProject
		{5662EB76-33FE-4090-9370-30F3FC5B2BF2} = {5662EB76-33FE-4090-9370-30F3FC5B2BF2}
	EndProjectSection
EndProject
Global
	GlobalSection(SolutionConfigurationPlatforms) = preSolution
		Debug|Any CPU = Debug|Any CPU
		Release|Any CPU = Release|Any CPU
	EndGlobalSection
	GlobalSection(ProjectConfigurationPlatforms) = postSolution
		{3918BFBA-7370-4E28-819F-9BD8F7AB97BA}.Debug|Any CPU.ActiveCfg = Debug|Any CPU
		{3918BFBA-7370-4E28-819F-9BD8F7AB97BA}.Debug|Any CPU.Build.0 = Debug|Any CPU
		{3918BFBA-7370-4E28-819F-9BD8F7AB97BA}.Release|Any CPU.ActiveCfg = Release|Any CPU
		{3918BFBA-7370-4E28-819F-9BD8F7AB97BA}.Release|Any CPU.Build.0 = Release|Any CPU
		{9C9CDAC3-D2B3-40B9-8E13-FC37EDD75372}.Debug|Any CPU.ActiveCfg = Debug|Any CPU
		{9C9CDAC3-D2B3-40B9-8E13-FC37EDD75372}.Debug|Any CPU.Build.0 = Debug|Any CPU
		{9C9CDAC3-D2B3-40B9-8E13-FC37EDD75372}.Release|Any CPU.ActiveCfg = Release|Any CPU
		{9C9CDAC3-D2B3-40B9-8E13-FC37EDD75372}.Release|Any CPU.Build.0 = Release|Any CPU
		{3639B5A3-9918-4141-B19E-78E83E502B82}.Debug|Any CPU.ActiveCfg = Debug|Any CPU
		{3639B5A3-9918-4141-B19E-78E83E502B82}.Debug|Any CPU.Build.0 = Debug|Any CPU
		{3639B5A3-9918-4141-B19E-78E83E502B82}.Release|Any CPU.ActiveCfg = Release|Any CPU
		{3639B5A3-9918-4141-B19E-78E83E502B82}.Release|Any CPU.Build.0 = Release|Any CPU
		{3BBD5F5D-0D72-4680-B6D1-CA969C6C4E5F}.Debug|Any CPU.ActiveCfg = Debug|Any CPU
		{3BBD5F5D-0D72-4680-B6D1-CA969C6C4E5F}.Debug|Any CPU.Build.0 = Debug|Any CPU
		{3BBD5F5D-0D72-4680-B6D1-CA969C6C4E5F}.Release|Any CPU.ActiveCfg = Release|Any CPU
		{3BBD5F5D-0D72-4680-B6D1-CA969C6C4E5F}.Release|Any CPU.Build.0 = Release|Any CPU
		{5662EB76-33FE-4090-9370-30F3FC5B2BF2}.Debug|Any CPU.ActiveCfg = Debug|Any CPU
		{5662EB76-33FE-4090-9370-30F3FC5B2BF2}.Debug|Any CPU.Build.0 = Debug|Any CPU
		{5662EB76-33FE-4090-9370-30F3FC5B2BF2}.Release|Any CPU.ActiveCfg = Release|Any CPU
		{5662EB76-33FE-4090-9370-30F3FC5B2BF2}.Release|Any CPU.Build.0 = Release|Any CPU
		{843A57B2-C1BD-4120-8DA0-156859AF925B}.Debug|Any CPU.ActiveCfg = Debug|Any CPU
		{843A57B2-C1BD-4120-8DA0-156859AF925B}.Debug|Any CPU.Build.0 = Debug|Any CPU
		{843A57B2-C1BD-4120-8DA0-156859AF925B}.Release|Any CPU.ActiveCfg = Release|Any CPU
		{843A57B2-C1BD-4120-8DA0-156859AF925B}.Release|Any CPU.Build.0 = Release|Any CPU
	EndGlobalSection
	GlobalSection(SolutionProperties) = preSolution
		HideSolutionNode = FALSE
	EndGlobalSection
	GlobalSection(NestedProjects) = preSolution
		{3918BFBA-7370-4E28-819F-9BD8F7AB97BA} = {BD8A2866-059D-4673-8C31-491F42FB268B}
		{9C9CDAC3-D2B3-40B9-8E13-FC37EDD75372} = {BD8A2866-059D-4673-8C31-491F42FB268B}
		{843A57B2-C1BD-4120-8DA0-156859AF925B} = {BD8A2866-059D-4673-8C31-491F42FB268B}
	EndGlobalSection
EndGlobal
