
Microsoft Visual Studio Solution File, Format Version 12.00
# Visual Studio 14
VisualStudioVersion = 14.0.24720.0
MinimumVisualStudioVersion = 10.0.40219.1
Project("{FAE04EC0-301F-11D3-BF4B-00C04F79EFBC}") = "TeleInteraction", "TeleInteraction\TeleInteraction.csproj", "{D812A40F-68C2-44C1-A91B-EE32E9DEE401}"
EndProject
Project("{FAE04EC0-301F-11D3-BF4B-00C04F79EFBC}") = "IOFilter", "IOFilter\IOFilter.csproj", "{9870F5DD-2B09-4F7A-B63C-DCF8433C9653}"
EndProject
Global
	GlobalSection(SolutionConfigurationPlatforms) = preSolution
		Debug|Any CPU = Debug|Any CPU
		Release|Any CPU = Release|Any CPU
	EndGlobalSection
	GlobalSection(ProjectConfigurationPlatforms) = postSolution
		{D812A40F-68C2-44C1-A91B-EE32E9DEE401}.Debug|Any CPU.ActiveCfg = Debug|Any CPU
		{D812A40F-68C2-44C1-A91B-EE32E9DEE401}.Debug|Any CPU.Build.0 = Debug|Any CPU
		{D812A40F-68C2-44C1-A91B-EE32E9DEE401}.Release|Any CPU.ActiveCfg = Release|Any CPU
		{D812A40F-68C2-44C1-A91B-EE32E9DEE401}.Release|Any CPU.Build.0 = Release|Any CPU
		{9870F5DD-2B09-4F7A-B63C-DCF8433C9653}.Debug|Any CPU.ActiveCfg = Debug|Any CPU
		{9870F5DD-2B09-4F7A-B63C-DCF8433C9653}.Debug|Any CPU.Build.0 = Debug|Any CPU
		{9870F5DD-2B09-4F7A-B63C-DCF8433C9653}.Release|Any CPU.ActiveCfg = Release|Any CPU
		{9870F5DD-2B09-4F7A-B63C-DCF8433C9653}.Release|Any CPU.Build.0 = Release|Any CPU
	EndGlobalSection
	GlobalSection(SolutionProperties) = preSolution
		HideSolutionNode = FALSE
	EndGlobalSection
EndGlobal
