
Microsoft Visual Studio Solution File, Format Version 12.00
# Visual Studio 14
VisualStudioVersion = 14.0.25123.0
MinimumVisualStudioVersion = 10.0.40219.1
Project("{FAE04EC0-301F-11D3-BF4B-00C04F79EFBC}") = "DatabaseWorker", "DatabaseWorker\DatabaseWorker.csproj", "{3639B5A3-9918-4141-B19E-78E83E502B82}"
EndProject
Project("{FAE04EC0-301F-11D3-BF4B-00C04F79EFBC}") = "MessagesConveyor", "MessagesConveyor\MessagesConveyor.csproj", "{5662EB76-33FE-4090-9370-30F3FC5B2BF2}"
EndProject
Project("{2150E333-8FDC-42A3-9474-1A3956D46DE8}") = "Checkers", "Checkers", "{1444ABC0-0E4D-48F3-A84A-639CD250D429}"
EndProject
Project("{FAE04EC0-301F-11D3-BF4B-00C04F79EFBC}") = "LocalhostWeatherBot", "Checkers\LocalhostWeatherBot\LocalhostWeatherBot.csproj", "{843A57B2-C1BD-4120-8DA0-156859AF925B}"
EndProject
Project("{FAE04EC0-301F-11D3-BF4B-00C04F79EFBC}") = "WeatherProviders", "WeatherProviders\WeatherProviders.csproj", "{5C3BB80E-9499-4FD4-B306-51F9302315C2}"
EndProject
Project("{FAE04EC0-301F-11D3-BF4B-00C04F79EFBC}") = "UserInputParser", "UserInputParser\UserInputParser.csproj", "{F8B7C24E-D2D3-4BA1-8653-C2BD98DE06CF}"
EndProject
Project("{FAE04EC0-301F-11D3-BF4B-00C04F79EFBC}") = "UserSpeaker", "UserSpeaker\UserSpeaker.csproj", "{C7FE46EA-FFC1-45CB-8899-B3C5A9F140BB}"
EndProject
Project("{FAE04EC0-301F-11D3-BF4B-00C04F79EFBC}") = "DatabaseWeather", "DatabaseWeather\DatabaseWeather.csproj", "{94F6EDCD-D26E-4F25-9AC4-13F3D0FE2063}"
EndProject
Project("{FAE04EC0-301F-11D3-BF4B-00C04F79EFBC}") = "DatabaseUsers", "DatabaseUsers\DatabaseUsers.csproj", "{B8D42D7B-B473-4000-8627-00C218B62429}"
EndProject
Global
	GlobalSection(SolutionConfigurationPlatforms) = preSolution
		Debug|Any CPU = Debug|Any CPU
		Release|Any CPU = Release|Any CPU
	EndGlobalSection
	GlobalSection(ProjectConfigurationPlatforms) = postSolution
		{3639B5A3-9918-4141-B19E-78E83E502B82}.Debug|Any CPU.ActiveCfg = Debug|Any CPU
		{3639B5A3-9918-4141-B19E-78E83E502B82}.Debug|Any CPU.Build.0 = Debug|Any CPU
		{3639B5A3-9918-4141-B19E-78E83E502B82}.Release|Any CPU.ActiveCfg = Release|Any CPU
		{3639B5A3-9918-4141-B19E-78E83E502B82}.Release|Any CPU.Build.0 = Release|Any CPU
		{5662EB76-33FE-4090-9370-30F3FC5B2BF2}.Debug|Any CPU.ActiveCfg = Debug|Any CPU
		{5662EB76-33FE-4090-9370-30F3FC5B2BF2}.Debug|Any CPU.Build.0 = Debug|Any CPU
		{5662EB76-33FE-4090-9370-30F3FC5B2BF2}.Release|Any CPU.ActiveCfg = Release|Any CPU
		{5662EB76-33FE-4090-9370-30F3FC5B2BF2}.Release|Any CPU.Build.0 = Release|Any CPU
		{843A57B2-C1BD-4120-8DA0-156859AF925B}.Debug|Any CPU.ActiveCfg = Debug|Any CPU
		{843A57B2-C1BD-4120-8DA0-156859AF925B}.Debug|Any CPU.Build.0 = Debug|Any CPU
		{843A57B2-C1BD-4120-8DA0-156859AF925B}.Release|Any CPU.ActiveCfg = Release|Any CPU
		{843A57B2-C1BD-4120-8DA0-156859AF925B}.Release|Any CPU.Build.0 = Release|Any CPU
		{5C3BB80E-9499-4FD4-B306-51F9302315C2}.Debug|Any CPU.ActiveCfg = Debug|Any CPU
		{5C3BB80E-9499-4FD4-B306-51F9302315C2}.Debug|Any CPU.Build.0 = Debug|Any CPU
		{5C3BB80E-9499-4FD4-B306-51F9302315C2}.Release|Any CPU.ActiveCfg = Release|Any CPU
		{5C3BB80E-9499-4FD4-B306-51F9302315C2}.Release|Any CPU.Build.0 = Release|Any CPU
		{F8B7C24E-D2D3-4BA1-8653-C2BD98DE06CF}.Debug|Any CPU.ActiveCfg = Debug|Any CPU
		{F8B7C24E-D2D3-4BA1-8653-C2BD98DE06CF}.Debug|Any CPU.Build.0 = Debug|Any CPU
		{F8B7C24E-D2D3-4BA1-8653-C2BD98DE06CF}.Release|Any CPU.ActiveCfg = Release|Any CPU
		{F8B7C24E-D2D3-4BA1-8653-C2BD98DE06CF}.Release|Any CPU.Build.0 = Release|Any CPU
		{C7FE46EA-FFC1-45CB-8899-B3C5A9F140BB}.Debug|Any CPU.ActiveCfg = Debug|Any CPU
		{C7FE46EA-FFC1-45CB-8899-B3C5A9F140BB}.Debug|Any CPU.Build.0 = Debug|Any CPU
		{C7FE46EA-FFC1-45CB-8899-B3C5A9F140BB}.Release|Any CPU.ActiveCfg = Release|Any CPU
		{C7FE46EA-FFC1-45CB-8899-B3C5A9F140BB}.Release|Any CPU.Build.0 = Release|Any CPU
		{94F6EDCD-D26E-4F25-9AC4-13F3D0FE2063}.Debug|Any CPU.ActiveCfg = Debug|Any CPU
		{94F6EDCD-D26E-4F25-9AC4-13F3D0FE2063}.Debug|Any CPU.Build.0 = Debug|Any CPU
		{94F6EDCD-D26E-4F25-9AC4-13F3D0FE2063}.Release|Any CPU.ActiveCfg = Release|Any CPU
		{94F6EDCD-D26E-4F25-9AC4-13F3D0FE2063}.Release|Any CPU.Build.0 = Release|Any CPU
		{B8D42D7B-B473-4000-8627-00C218B62429}.Debug|Any CPU.ActiveCfg = Debug|Any CPU
		{B8D42D7B-B473-4000-8627-00C218B62429}.Debug|Any CPU.Build.0 = Debug|Any CPU
		{B8D42D7B-B473-4000-8627-00C218B62429}.Release|Any CPU.ActiveCfg = Release|Any CPU
		{B8D42D7B-B473-4000-8627-00C218B62429}.Release|Any CPU.Build.0 = Release|Any CPU
	EndGlobalSection
	GlobalSection(SolutionProperties) = preSolution
		HideSolutionNode = FALSE
	EndGlobalSection
	GlobalSection(NestedProjects) = preSolution
		{843A57B2-C1BD-4120-8DA0-156859AF925B} = {1444ABC0-0E4D-48F3-A84A-639CD250D429}
	EndGlobalSection
EndGlobal
